
Microsoft Visual Studio Solution File, Format Version 12.00
# Visual Studio Version 17
VisualStudioVersion = 17.10.35027.167
MinimumVisualStudioVersion = 10.0.40219.1
Project("{9A19103F-16F7-4668-BE54-9A1E7A4F7556}") = "AutomaticDownloader", "AutomaticDownloader\AutomaticDownloader.csproj", "{4557ED5B-6B09-4AB6-AAA4-481956ECEE6D}"
EndProject
Project("{9A19103F-16F7-4668-BE54-9A1E7A4F7556}") = "MediaDownloaderKafkaRelayer", "MediaDownloaderKafkaRelayer\MediaDownloaderKafkaRelayer.csproj", "{A6190FFB-69E7-40DF-B4F7-8E5B06189DE3}"
EndProject
Project("{FAE04EC0-301F-11D3-BF4B-00C04F79EFBC}") = "KafkaBaseWriter", "KafkaBaseWriter\KafkaBaseWriter.csproj", "{49836C24-8007-4ABA-919F-77234F20CC6B}"
EndProject
Global
	GlobalSection(SolutionConfigurationPlatforms) = preSolution
		Debug|Any CPU = Debug|Any CPU
		Release|Any CPU = Release|Any CPU
	EndGlobalSection
	GlobalSection(ProjectConfigurationPlatforms) = postSolution
		{4557ED5B-6B09-4AB6-AAA4-481956ECEE6D}.Debug|Any CPU.ActiveCfg = Debug|Any CPU
		{4557ED5B-6B09-4AB6-AAA4-481956ECEE6D}.Debug|Any CPU.Build.0 = Debug|Any CPU
		{4557ED5B-6B09-4AB6-AAA4-481956ECEE6D}.Release|Any CPU.ActiveCfg = Release|Any CPU
		{4557ED5B-6B09-4AB6-AAA4-481956ECEE6D}.Release|Any CPU.Build.0 = Release|Any CPU
		{A6190FFB-69E7-40DF-B4F7-8E5B06189DE3}.Debug|Any CPU.ActiveCfg = Debug|Any CPU
		{A6190FFB-69E7-40DF-B4F7-8E5B06189DE3}.Debug|Any CPU.Build.0 = Debug|Any CPU
		{A6190FFB-69E7-40DF-B4F7-8E5B06189DE3}.Release|Any CPU.ActiveCfg = Release|Any CPU
		{A6190FFB-69E7-40DF-B4F7-8E5B06189DE3}.Release|Any CPU.Build.0 = Release|Any CPU
		{49836C24-8007-4ABA-919F-77234F20CC6B}.Debug|Any CPU.ActiveCfg = Debug|Any CPU
		{49836C24-8007-4ABA-919F-77234F20CC6B}.Debug|Any CPU.Build.0 = Debug|Any CPU
		{49836C24-8007-4ABA-919F-77234F20CC6B}.Release|Any CPU.ActiveCfg = Release|Any CPU
		{49836C24-8007-4ABA-919F-77234F20CC6B}.Release|Any CPU.Build.0 = Release|Any CPU
	EndGlobalSection
	GlobalSection(SolutionProperties) = preSolution
		HideSolutionNode = FALSE
	EndGlobalSection
	GlobalSection(ExtensibilityGlobals) = postSolution
		SolutionGuid = {1BE80931-3B9A-41F0-87BD-50A82F389257}
	EndGlobalSection
EndGlobal
